// !$*UTF8*$!
{
	archiveVersion = 1;
	classes = {
	};
	objectVersion = 55;
	objects = {

/* Begin PBXBuildFile section */
		440DCE8F274D2C6200F3EE3D /* main.swift in Sources */ = {isa = PBXBuildFile; fileRef = 440DCE8E274D2C6200F3EE3D /* main.swift */; };
		44C403742759186400C6202B /* CarProreties.swift in Sources */ = {isa = PBXBuildFile; fileRef = 44C403732759186300C6202B /* CarProreties.swift */; };
		44C40376275919AC00C6202B /* Car.swift in Sources */ = {isa = PBXBuildFile; fileRef = 44C40375275919AC00C6202B /* Car.swift */; };
		44C4037A2759FD2400C6202B /* SporctCar.swift in Sources */ = {isa = PBXBuildFile; fileRef = 44C403792759FD2400C6202B /* SporctCar.swift */; };
		44C4037C2759FE1800C6202B /* TrunkCar.swift in Sources */ = {isa = PBXBuildFile; fileRef = 44C4037B2759FE1800C6202B /* TrunkCar.swift */; };
		44C4037E275A090900C6202B /* CarTypes.swift in Sources */ = {isa = PBXBuildFile; fileRef = 44C4037D275A090900C6202B /* CarTypes.swift */; };
/* End PBXBuildFile section */

/* Begin PBXCopyFilesBuildPhase section */
		440DCE89274D2C6200F3EE3D /* CopyFiles */ = {
			isa = PBXCopyFilesBuildPhase;
			buildActionMask = 2147483647;
			dstPath = /usr/share/man/man1/;
			dstSubfolderSpec = 0;
			files = (
			);
			runOnlyForDeploymentPostprocessing = 1;
		};
/* End PBXCopyFilesBuildPhase section */

/* Begin PBXFileReference section */
		440DCE8B274D2C6200F3EE3D /* gbCourseOne */ = {isa = PBXFileReference; explicitFileType = "compiled.mach-o.executable"; includeInIndex = 0; path = gbCourseOne; sourceTree = BUILT_PRODUCTS_DIR; };
		440DCE8E274D2C6200F3EE3D /* main.swift */ = {isa = PBXFileReference; lastKnownFileType = sourcecode.swift; path = main.swift; sourceTree = "<group>"; };
		44C403732759186300C6202B /* CarProreties.swift */ = {isa = PBXFileReference; lastKnownFileType = sourcecode.swift; path = CarProreties.swift; sourceTree = "<group>"; };
		44C40375275919AC00C6202B /* Car.swift */ = {isa = PBXFileReference; lastKnownFileType = sourcecode.swift; path = Car.swift; sourceTree = "<group>"; };
		44C403792759FD2400C6202B /* SporctCar.swift */ = {isa = PBXFileReference; lastKnownFileType = sourcecode.swift; path = SporctCar.swift; sourceTree = "<group>"; };
		44C4037B2759FE1800C6202B /* TrunkCar.swift */ = {isa = PBXFileReference; lastKnownFileType = sourcecode.swift; name = TrunkCar.swift; path = gbCourseOne/Classes/TrunkCar.swift; sourceTree = SOURCE_ROOT; };
		44C4037D275A090900C6202B /* CarTypes.swift */ = {isa = PBXFileReference; lastKnownFileType = sourcecode.swift; path = CarTypes.swift; sourceTree = "<group>"; };
/* End PBXFileReference section */

/* Begin PBXFrameworksBuildPhase section */
		440DCE88274D2C6200F3EE3D /* Frameworks */ = {
			isa = PBXFrameworksBuildPhase;
			buildActionMask = 2147483647;
			files = (
			);
			runOnlyForDeploymentPostprocessing = 0;
		};
/* End PBXFrameworksBuildPhase section */

/* Begin PBXGroup section */
		440DCE82274D2C6200F3EE3D = {
			isa = PBXGroup;
			children = (
				440DCE8D274D2C6200F3EE3D /* gbCourseOne */,
				440DCE8C274D2C6200F3EE3D /* Products */,
			);
			sourceTree = "<group>";
		};
		440DCE8C274D2C6200F3EE3D /* Products */ = {
			isa = PBXGroup;
			children = (
				440DCE8B274D2C6200F3EE3D /* gbCourseOne */,
			);
			name = Products;
			sourceTree = "<group>";
		};
		440DCE8D274D2C6200F3EE3D /* gbCourseOne */ = {
			isa = PBXGroup;
			children = (
				44C403772759FC7D00C6202B /* Enums */,
				44C403782759FCA900C6202B /* Classes */,
				440DCE8E274D2C6200F3EE3D /* main.swift */,
			);
			path = gbCourseOne;
			sourceTree = "<group>";
		};
		44C403772759FC7D00C6202B /* Enums */ = {
			isa = PBXGroup;
			children = (
				44C403732759186300C6202B /* CarProreties.swift */,
				44C4037D275A090900C6202B /* CarTypes.swift */,
			);
			path = Enums;
			sourceTree = "<group>";
		};
		44C403782759FCA900C6202B /* Classes */ = {
			isa = PBXGroup;
			children = (
				44C40375275919AC00C6202B /* Car.swift */,
				44C403792759FD2400C6202B /* SporctCar.swift */,
				44C4037B2759FE1800C6202B /* TrunkCar.swift */,
			);
			path = Classes;
			sourceTree = "<group>";
		};
/* End PBXGroup section */

/* Begin PBXNativeTarget section */
		440DCE8A274D2C6200F3EE3D /* gbCourseOne */ = {
			isa = PBXNativeTarget;
			buildConfigurationList = 440DCE92274D2C6200F3EE3D /* Build configuration list for PBXNativeTarget "gbCourseOne" */;
			buildPhases = (
				440DCE87274D2C6200F3EE3D /* Sources */,
				440DCE88274D2C6200F3EE3D /* Frameworks */,
				440DCE89274D2C6200F3EE3D /* CopyFiles */,
			);
			buildRules = (
			);
			dependencies = (
			);
			name = gbCourseOne;
			productName = gbCourseOne;
			productReference = 440DCE8B274D2C6200F3EE3D /* gbCourseOne */;
			productType = "com.apple.product-type.tool";
		};
/* End PBXNativeTarget section */

/* Begin PBXProject section */
		440DCE83274D2C6200F3EE3D /* Project object */ = {
			isa = PBXProject;
			attributes = {
				BuildIndependentTargetsInParallel = 1;
				LastSwiftUpdateCheck = 1310;
				LastUpgradeCheck = 1310;
				TargetAttributes = {
					440DCE8A274D2C6200F3EE3D = {
						CreatedOnToolsVersion = 13.1;
					};
				};
			};
			buildConfigurationList = 440DCE86274D2C6200F3EE3D /* Build configuration list for PBXProject "gbCourseOne" */;
			compatibilityVersion = "Xcode 13.0";
			developmentRegion = en;
			hasScannedForEncodings = 0;
			knownRegions = (
				en,
				Base,
			);
			mainGroup = 440DCE82274D2C6200F3EE3D;
			productRefGroup = 440DCE8C274D2C6200F3EE3D /* Products */;
			projectDirPath = "";
			projectRoot = "";
			targets = (
				440DCE8A274D2C6200F3EE3D /* gbCourseOne */,
			);
		};
/* End PBXProject section */

/* Begin PBXSourcesBuildPhase section */
		440DCE87274D2C6200F3EE3D /* Sources */ = {
			isa = PBXSourcesBuildPhase;
			buildActionMask = 2147483647;
			files = (
				44C4037E275A090900C6202B /* CarTypes.swift in Sources */,
				44C40376275919AC00C6202B /* Car.swift in Sources */,
				44C403742759186400C6202B /* CarProreties.swift in Sources */,
				44C4037C2759FE1800C6202B /* TrunkCar.swift in Sources */,
				440DCE8F274D2C6200F3EE3D /* main.swift in Sources */,
				44C4037A2759FD2400C6202B /* SporctCar.swift in Sources */,
			);
			runOnlyForDeploymentPostprocessing = 0;
		};
/* End PBXSourcesBuildPhase section */

/* Begin XCBuildConfiguration section */
		440DCE90274D2C6200F3EE3D /* Debug */ = {
			isa = XCBuildConfiguration;
			buildSettings = {
				ALWAYS_SEARCH_USER_PATHS = NO;
				CLANG_ANALYZER_NONNULL = YES;
				CLANG_ANALYZER_NUMBER_OBJECT_CONVERSION = YES_AGGRESSIVE;
				CLANG_CXX_LANGUAGE_STANDARD = "gnu++17";
				CLANG_CXX_LIBRARY = "libc++";
				CLANG_ENABLE_MODULES = YES;
				CLANG_ENABLE_OBJC_ARC = YES;
				CLANG_ENABLE_OBJC_WEAK = YES;
				CLANG_WARN_BLOCK_CAPTURE_AUTORELEASING = YES;
				CLANG_WARN_BOOL_CONVERSION = YES;
				CLANG_WARN_COMMA = YES;
				CLANG_WARN_CONSTANT_CONVERSION = YES;
				CLANG_WARN_DEPRECATED_OBJC_IMPLEMENTATIONS = YES;
				CLANG_WARN_DIRECT_OBJC_ISA_USAGE = YES_ERROR;
				CLANG_WARN_DOCUMENTATION_COMMENTS = YES;
				CLANG_WARN_EMPTY_BODY = YES;
				CLANG_WARN_ENUM_CONVERSION = YES;
				CLANG_WARN_INFINITE_RECURSION = YES;
				CLANG_WARN_INT_CONVERSION = YES;
				CLANG_WARN_NON_LITERAL_NULL_CONVERSION = YES;
				CLANG_WARN_OBJC_IMPLICIT_RETAIN_SELF = YES;
				CLANG_WARN_OBJC_LITERAL_CONVERSION = YES;
				CLANG_WARN_OBJC_ROOT_CLASS = YES_ERROR;
				CLANG_WARN_QUOTED_INCLUDE_IN_FRAMEWORK_HEADER = YES;
				CLANG_WARN_RANGE_LOOP_ANALYSIS = YES;
				CLANG_WARN_STRICT_PROTOTYPES = YES;
				CLANG_WARN_SUSPICIOUS_MOVE = YES;
				CLANG_WARN_UNGUARDED_AVAILABILITY = YES_AGGRESSIVE;
				CLANG_WARN_UNREACHABLE_CODE = YES;
				CLANG_WARN__DUPLICATE_METHOD_MATCH = YES;
				COPY_PHASE_STRIP = NO;
				DEBUG_INFORMATION_FORMAT = dwarf;
				ENABLE_STRICT_OBJC_MSGSEND = YES;
				ENABLE_TESTABILITY = YES;
				GCC_C_LANGUAGE_STANDARD = gnu11;
				GCC_DYNAMIC_NO_PIC = NO;
				GCC_NO_COMMON_BLOCKS = YES;
				GCC_OPTIMIZATION_LEVEL = 0;
				GCC_PREPROCESSOR_DEFINITIONS = (
					"DEBUG=1",
					"$(inherited)",
				);
				GCC_WARN_64_TO_32_BIT_CONVERSION = YES;
				GCC_WARN_ABOUT_RETURN_TYPE = YES_ERROR;
				GCC_WARN_UNDECLARED_SELECTOR = YES;
				GCC_WARN_UNINITIALIZED_AUTOS = YES_AGGRESSIVE;
				GCC_WARN_UNUSED_FUNCTION = YES;
				GCC_WARN_UNUSED_VARIABLE = YES;
				MACOSX_DEPLOYMENT_TARGET = 11.6;
				MTL_ENABLE_DEBUG_INFO = INCLUDE_SOURCE;
				MTL_FAST_MATH = YES;
				ONLY_ACTIVE_ARCH = YES;
				SDKROOT = macosx;
				SWIFT_ACTIVE_COMPILATION_CONDITIONS = DEBUG;
				SWIFT_OPTIMIZATION_LEVEL = "-Onone";
			};
			name = Debug;
		};
		440DCE91274D2C6200F3EE3D /* Release */ = {
			isa = XCBuildConfiguration;
			buildSettings = {
				ALWAYS_SEARCH_USER_PATHS = NO;
				CLANG_ANALYZER_NONNULL = YES;
				CLANG_ANALYZER_NUMBER_OBJECT_CONVERSION = YES_AGGRESSIVE;
				CLANG_CXX_LANGUAGE_STANDARD = "gnu++17";
				CLANG_CXX_LIBRARY = "libc++";
				CLANG_ENABLE_MODULES = YES;
				CLANG_ENABLE_OBJC_ARC = YES;
				CLANG_ENABLE_OBJC_WEAK = YES;
				CLANG_WARN_BLOCK_CAPTURE_AUTORELEASING = YES;
				CLANG_WARN_BOOL_CONVERSION = YES;
				CLANG_WARN_COMMA = YES;
				CLANG_WARN_CONSTANT_CONVERSION = YES;
				CLANG_WARN_DEPRECATED_OBJC_IMPLEMENTATIONS = YES;
				CLANG_WARN_DIRECT_OBJC_ISA_USAGE = YES_ERROR;
				CLANG_WARN_DOCUMENTATION_COMMENTS = YES;
				CLANG_WARN_EMPTY_BODY = YES;
				CLANG_WARN_ENUM_CONVERSION = YES;
				CLANG_WARN_INFINITE_RECURSION = YES;
				CLANG_WARN_INT_CONVERSION = YES;
				CLANG_WARN_NON_LITERAL_NULL_CONVERSION = YES;
				CLANG_WARN_OBJC_IMPLICIT_RETAIN_SELF = YES;
				CLANG_WARN_OBJC_LITERAL_CONVERSION = YES;
				CLANG_WARN_OBJC_ROOT_CLASS = YES_ERROR;
				CLANG_WARN_QUOTED_INCLUDE_IN_FRAMEWORK_HEADER = YES;
				CLANG_WARN_RANGE_LOOP_ANALYSIS = YES;
				CLANG_WARN_STRICT_PROTOTYPES = YES;
				CLANG_WARN_SUSPICIOUS_MOVE = YES;
				CLANG_WARN_UNGUARDED_AVAILABILITY = YES_AGGRESSIVE;
				CLANG_WARN_UNREACHABLE_CODE = YES;
				CLANG_WARN__DUPLICATE_METHOD_MATCH = YES;
				COPY_PHASE_STRIP = NO;
				DEBUG_INFORMATION_FORMAT = "dwarf-with-dsym";
				ENABLE_NS_ASSERTIONS = NO;
				ENABLE_STRICT_OBJC_MSGSEND = YES;
				GCC_C_LANGUAGE_STANDARD = gnu11;
				GCC_NO_COMMON_BLOCKS = YES;
				GCC_WARN_64_TO_32_BIT_CONVERSION = YES;
				GCC_WARN_ABOUT_RETURN_TYPE = YES_ERROR;
				GCC_WARN_UNDECLARED_SELECTOR = YES;
				GCC_WARN_UNINITIALIZED_AUTOS = YES_AGGRESSIVE;
				GCC_WARN_UNUSED_FUNCTION = YES;
				GCC_WARN_UNUSED_VARIABLE = YES;
				MACOSX_DEPLOYMENT_TARGET = 11.6;
				MTL_ENABLE_DEBUG_INFO = NO;
				MTL_FAST_MATH = YES;
				SDKROOT = macosx;
				SWIFT_COMPILATION_MODE = wholemodule;
				SWIFT_OPTIMIZATION_LEVEL = "-O";
			};
			name = Release;
		};
		440DCE93274D2C6200F3EE3D /* Debug */ = {
			isa = XCBuildConfiguration;
			buildSettings = {
				CODE_SIGN_STYLE = Automatic;
				DEVELOPMENT_TEAM = 49D33FBSQY;
				ENABLE_HARDENED_RUNTIME = YES;
				PRODUCT_NAME = "$(TARGET_NAME)";
				SWIFT_VERSION = 5.0;
			};
			name = Debug;
		};
		440DCE94274D2C6200F3EE3D /* Release */ = {
			isa = XCBuildConfiguration;
			buildSettings = {
				CODE_SIGN_STYLE = Automatic;
				DEVELOPMENT_TEAM = 49D33FBSQY;
				ENABLE_HARDENED_RUNTIME = YES;
				PRODUCT_NAME = "$(TARGET_NAME)";
				SWIFT_VERSION = 5.0;
			};
			name = Release;
		};
/* End XCBuildConfiguration section */

/* Begin XCConfigurationList section */
		440DCE86274D2C6200F3EE3D /* Build configuration list for PBXProject "gbCourseOne" */ = {
			isa = XCConfigurationList;
			buildConfigurations = (
				440DCE90274D2C6200F3EE3D /* Debug */,
				440DCE91274D2C6200F3EE3D /* Release */,
			);
			defaultConfigurationIsVisible = 0;
			defaultConfigurationName = Release;
		};
		440DCE92274D2C6200F3EE3D /* Build configuration list for PBXNativeTarget "gbCourseOne" */ = {
			isa = XCConfigurationList;
			buildConfigurations = (
				440DCE93274D2C6200F3EE3D /* Debug */,
				440DCE94274D2C6200F3EE3D /* Release */,
			);
			defaultConfigurationIsVisible = 0;
			defaultConfigurationName = Release;
		};
/* End XCConfigurationList section */
	};
	rootObject = 440DCE83274D2C6200F3EE3D /* Project object */;
}
